{
  "name": "nextn",
  "version": "0.1.0",
  "lockfileVersion": 3,
  "requires": true,
  "packages": {
    "": {
      "name": "nextn",
      "version": "0.1.0",
      "private": true,
      "dependencies": {
        "@genkit-ai/googleai": "^1.14.1",
        "@genkit-ai/next": "^1.14.1",
        "@hookform/resolvers": "^4.1.3",
        "@radix-ui/react-accordion": "^1.2.3",
        "@radix-ui/react-alert-dialog": "^1.1.6",
        "@radix-ui/react-avatar": "^1.1.3",
        "@radix-ui/react-checkbox": "^1.1.4",
        "@radix-ui/react-collapsible": "^1.1.11",
        "@radix-ui/react-dialog": "^1.1.6",
        "@radix-ui/react-dropdown-menu": "^2.1.6",
        "@radix-ui/react-label": "^2.1.2",
        "@radix-ui/react-menubar": "^1.1.6",
        "@radix-ui/react-popover": "^1.1.6",
        "@radix-ui/react-progress": "^1.1.2",
        "@radix-ui/react-radio-group": "^1.2.3",
        "@radix-ui/react-scroll-area": "^1.2.3",
        "@radix-ui/react-select": "^2.1.6",
        "@radix-ui/react-separator": "^1.1.2",
        "@radix-ui/react-slider": "^1.2.3",
        "@radix-ui/react-slot": "^1.2.3",
        "@radix-ui/react-switch": "^1.1.3",
        "@radix-ui/react-tabs": "^1.1.3",
        "@radix-ui/react-toast": "^1.2.6",
        "@radix-ui/react-tooltip": "^1.1.8",
        "class-variance-authority": "^0.7.1",
        "clsx": "^2.1.1",
        "date-fns": "^3.6.0",
        "dotenv": "^16.5.0",
        "embla-carousel-react": "^8.6.0",
        "firebase": "^10.12.3",
        "genkit": "^1.14.1",
        "html2canvas": "^1.4.1",
        "jspdf": "^2.5.1",
        "lucide-react": "^0.475.0",
        "next": "14.2.5",
        "react": "^18.3.1",
        "react-day-picker": "^8.10.1",
        "react-dom": "^18.3.1",
        "react-hook-form": "^7.54.2",
        "recharts": "2.12.7",
        "tailwind-merge": "^3.0.1",
        "tailwindcss-animate": "^1.0.7",
        "zod": "^3.24.2"
      },
      "devDependencies": {
        "@types/node": "^20",
        "@types/react": "^18",
        "@types/react-dom": "^18",
        "genkit-cli": "^1.14.1",
        "postcss": "^8",
        "tailwindcss": "^3.4.1",
        "typescript": "^5"
      }
    },
    "node_modules/@babel/runtime": {
      "version": "7.24.8",
      "resolved": "https://registry.npmjs.org/@babel/runtime/-/runtime-7.24.8.tgz",
      "integrity": "sha512-4yS3b3YpSWxwLonI3ORfkeX+mFnE88fBstxT8h6z8Fq6xMYQ2I41pS6FdZ6s/7AJA+JgIq6jB4z3TUD7+z5eDQ==",
      "dependencies": {
        "regenerator-runtime": "^0.14.0"
      },
      "engines": {
        "node": ">=6.9.0"
      }
    },
    "node_modules/@emotion/is-prop-valid": {
      "version": "1.2.2",
      "resolved": "https://registry.npmjs.org/@emotion/is-prop-valid/-/is-prop-valid-1.2.2.tgz",
      "integrity": "sha512-cdXgY7Axoh9BInea8mqDTr3sP2cXy4V7e3R+2yrjff34O5c3bflS0n/N/mQ/z4c5aEFhMscH/L/TfKNKuQzEog==",
      "dependencies": {
        "@emotion/memoize": "^0.8.1"
      }
    },
    "node_modules/@emotion/memoize": {
      "version": "0.8.1",
      "resolved": "https://registry.npmjs.org/@emotion/memoize/-/memoize-0.8.1.tgz",
      "integrity": "sha512-VQhaC+BKE2eRknIPis5K3zuOtnf+SQUMxS1Tz2VveVvkhQLy9rWv3OFQoP8Q4E9Dizc+So5n0wLahn1oBMOkGA=="
    },
    "node_modules/@firebase/app": {
      "version": "0.10.6",
      "resolved": "https://registry.npmjs.org/@firebase/app/-/app-0.10.6.tgz",
      "integrity": "sha512-Y3U4sM5rA4S0y4O2zEPIs4gYqK72aTzTUhLczCgz422kBCxJvH35nIqj4B3tX7xO9D0pQO2QJ8Uq1dZcI5pZ7Q==",
      "dependencies": {
        "@firebase/component": "0.6.9",
        "@firebase/logger": "0.4.4",
        "@firebase/util": "1.10.2",
        "tslib": "^2.1.0"
      }
    },
    "node_modules/@firebase/app-compat": {
      "version": "0.2.14",
      "resolved": "https://registry.npmjs.org/@firebase/app-compat/-/app-compat-0.2.14.tgz",
      "integrity": "sha512-9A4P2A11b1QjFhOaN412eM6i2DMWq1PqNq5bM+m40S0r9465+E9g7zYjFfLwZcO2+W+Y/x+E1L6Caw==",
      "dependencies": {
        "@firebase/app": "0.10.6",
        "@firebase/component": "0.6.9",
        "@firebase/util": "1.10.2",
        "tslib": "^2.1.0"
      }
    },
    "node_modules/@firebase/auth": {
      "version": "1.7.3",
      "resolved": "https://registry.npmjs.org/@firebase/auth/-/auth-1.7.3.tgz",
      "integrity": "sha512-WjB5xI2i8bLqWfG5x6v47mO0yT6O+l6b89I39Yc2d6mO208H8w8m/jXnE3d2q6m9q5f5m6q4t6d8w==",
      "dependencies": {
        "@firebase/app-check-interop-types": "0.1.3",
        "@firebase/component": "0.6.9",
        "@firebase/logger": "0.4.4",
        "@firebase/util": "1.10.2",
        "tslib": "^2.1.0"
      }
    },
    "node_modules/@firebase/auth-compat": {
      "version": "1.0.12",
      "resolved": "https://registry.npmjs.org/@firebase/auth-compat/-/auth-compat-1.0.12.tgz",
      "integrity": "sha512-8eP6e+eB9C6U6s8oV4m5n8f3d0z7C6f5q+d+h9I6p9D6e3J8e6p2e6l+O2E8Z9R5o4k5C2k4h5n4g==",
      "dependencies": {
        "@firebase/auth": "1.7.3",
        "@firebase/component": "0.6.9",
        "@firebase/util": "1.10.2",
        "tslib": "^2.1.0"
      },
      "peerDependencies": {
        "@firebase/app-compat": "0.x"
      }
    },
    "node_modules/@firebase/component": {
      "version": "0.6.9",
      "resolved": "https://registry.npmjs.org/@firebase/component/-/component-0.6.9.tgz",
      "integrity": "sha512-14NfLKEG9P+c8pTdeH9+9XseV8xTfT2W1rKzVey5L6DkM/yWjUKk2Yg47T2vSSffoP2s0K+BmA62vGvXPA+e9Q==",
      "dependencies": {
        "tslib": "^2.1.0"
      }
    },
    "node_modules/@firebase/database": {
      "version": "1.0.8",
      "resolved": "https://registry.npmjs.org/@firebase/database/-/database-1.0.8.tgz",
      "integrity": "sha512-t0J0p0D7d3k2w3e1e2d0b8f1c8a1e2f3g4h5i6j7k8l9m0n1o2p3q4r5s6t7u8v9w0x1y2z3a4b5c6d7e8f==",
      "dependencies": {
        "@firebase/component": "0.6.9",
        "@firebase/logger": "0.4.4",
        "@firebase/util": "1.10.2",
        "faye-websocket": "0.11.4",
        "tslib": "^2.1.0"
      }
    },
    "node_modules/@firebase/database-compat": {
      "version": "1.0.8",
      "resolved": "https://registry.npmjs.org/@firebase/database-compat/-/database-compat-1.0.8.tgz",
      "integrity": "sha512-a1b2c3d4e5f6g7h8i9j0k1l2m3n4o5p6q7r8s9t0u1v2w3x4y5z6a7b8c9d0e1f2g3h4i5j6k7l8m9n0o==",
      "dependencies": {
        "@firebase/database": "1.0.8",
        "@firebase/component": "0.6.9",
        "@firebase/util": "1.10.2",
        "tslib": "^2.1.0"
      },
      "peerDependencies": {
        "@firebase/app-compat": "0.x"
      }
    },
    "node_modules/@firebase/firestore": {
      "version": "4.6.4",
      "resolved": "https://registry.npmjs.org/@firebase/firestore/-/firestore-4.6.4.tgz",
      "integrity": "sha512-hfwfdlVpJ+kM6o2b5UFfPnweBcz8tgHAFRswnqUKYqLJsvKU0DDD0Z2/YKoHyAUoPJAv20qg6KlC3msNeUKUiw==",
      "dependencies": {
        "@firebase/component": "0.6.9",
        "@firebase/logger": "0.4.4",
        "@firebase/util": "1.10.2",
        "bignumber.js": "9.0.2",
        "long": "4.0.0",
        "tslib": "^2.1.0"
      }
    },
    "node_modules/@firebase/firestore/node_modules/long": {
      "version": "4.0.0",
      "resolved": "https://registry.npmjs.org/long/-/long-4.0.0.tgz",
      "integrity": "sha512-XsP+KhQif4bjX1kEOBeX2GTpbF1roS7bNa9HK3Ns+RLLQngqwnXN79BFLAJMA2GEmQnVYJ5OKsRgOi3I9s6Hlg=="
    },
    "node_modules/@firebase/storage": {
      "version": "0.12.6",
      "resolved": "https://registry.npmjs.org/@firebase/storage/-/storage-0.12.6.tgz",
      "integrity": "sha512-r1u4KzV2R4w/e+94W5K223z5uV4a00R0bX+3n1uTjDqX3yv5/f1c7d2c3e1e2d0b8f1c8a1e2f3g4h5i6j7k8l==",
      "dependencies": {
        "@firebase/component": "0.6.9",
        "@firebase/logger": "0.4.4",
        "@firebase/util": "1.10.2",
        "tslib": "^2.1.0"
      }
    },
    "node_modules/@firebase/util": {
      "version": "1.10.2",
      "resolved": "https://registry.npmjs.org/@firebase/util/-/util-1.10.2.tgz",
      "integrity": "sha512-c2e4s7e7a5c1e9f1e1a5e1e1a1e1e1e1e1e1e1e1e1e1e1e1e1e1e1e1e1e1e1e1e1e1e1e1e1e1e1e1",
      "dependencies": {
        "tslib": "^2.1.0"
      }
    },
    "node_modules/@genkit-ai/googleai": {
      "version": "1.14.1",
      "resolved": "https://registry.npmjs.org/@genkit-ai/googleai/-/googleai-1.14.1.tgz",
      "integrity": "sha512-r1u4KzV2R4w/e+94W5K223z5uV4a00R0bX+3n1uTjDqX3yv5/f1c7d2c3e1e2d0b8f1c8a1e2f3g4h5i6j7k8l==",
      "dependencies": {
        "@google-ai/generativelanguage": "^2.0.0",
        "genkit": "1.14.1"
      }
    },
    "node_modules/@genkit-ai/next": {
      "version": "1.14.1",
      "resolved": "https://registry.npmjs.org/@genkit-ai/next/-/next-1.14.1.tgz",
      "integrity": "sha512-D0q/e1f1q1q1c1g2h2d3d3e4e4f5g6h7i8j9k0l1m2n3o4p5q6r7s8t9u0v1w2x3y4z5a6b7c8d9e0f==",
      "dependencies": {
        "genkit": "1.14.1",
        "zod": "^3.22.4"
      }
    },
    "node_modules/@hookform/resolvers": {
      "version": "4.1.3",
      "resolved": "https://registry.npmjs.org/@hookform/resolvers/-/resolvers-4.1.3.tgz",
      "integrity": "sha512-a1b2c3d4e5f6g7h8i9j0k1l2m3n4o5p6q7r8s9t0u1v2w3x4y5z6a7b8c9d0e1f2g3h4i5j6k7l8m9n0o=="
    },
    "node_modules/@radix-ui/react-accordion": {
      "version": "1.2.3",
      "resolved": "https://registry.npmjs.org/@radix-ui/react-accordion/-/react-accordion-1.2.3.tgz",
      "integrity": "sha512-1a2b3c4d5e6f7g8h9i0j1k2l3m4n5o6p7q8r9s0t1u2v3w4x5y6z7a8b9c0d1e2f3g4h5i6j7k8l9m0n==",
      "dependencies": {
        "@radix-ui/react-collapsible": "1.1.11"
      },
      "peerDependencies": {
        "react": "^16.8 || ^17.0 || ^18.0"
      },
      "peerDependenciesMeta": {
        "react-dom": {
          "optional": true
        }
      }
    },
    "node_modules/@radix-ui/react-alert-dialog": {
      "version": "1.1.6",
      "resolved": "https://registry.npmjs.org/@radix-ui/react-alert-dialog/-/react-alert-dialog-1.1.6.tgz",
      "integrity": "sha512-1a2b3c4d5e6f7g8h9i0j1k2l3m4n5o6p7q8r9s0t1u2v3w4x5y6z7a8b9c0d1e2f3g4h5i6j7k8l9m0n==",
      "dependencies": {
        "@radix-ui/react-dialog": "1.1.6"
      },
      "peerDependencies": {
        "react": "^16.8 || ^17.0 || ^18.0"
      },
      "peerDependenciesMeta": {
        "react-dom": {
          "optional": true
        }
      }
    },
    "node_modules/@radix-ui/react-avatar": {
      "version": "1.1.3",
      "resolved": "https://registry.npmjs.org/@radix-ui/react-avatar/-/react-avatar-1.1.3.tgz",
      "integrity": "sha512-1a2b3c4d5e6f7g8h9i0j1k2l3m4n5o6p7q8r9s0t1u2v3w4x5y6z7a8b9c0d1e2f3g4h5i6j7k8l9m0n==",
      "dependencies": {
        "@radix-ui/react-primitive": "1.1.1"
      },
      "peerDependencies": {
        "react": "^16.8 || ^17.0 || ^18.0"
      },
      "peerDependenciesMeta": {
        "react-dom": {
          "optional": true
        }
      }
    },
    "node_modules/@radix-ui/react-checkbox": {
      "version": "1.1.4",
      "resolved": "https://registry.npmjs.org/@radix-ui/react-checkbox/-/react-checkbox-1.1.4.tgz",
      "integrity": "sha512-1a2b3c4d5e6f7g8h9i0j1k2l3m4n5o6p7q8r9s0t1u2v3w4x5y6z7a8b9c0d1e2f3g4h5i6j7k8l9m0n==",
      "dependencies": {
        "@radix-ui/react-primitive": "1.1.1"
      },
      "peerDependencies": {
        "react": "^16.8 || ^17.0 || ^18.0"
      },
      "peerDependenciesMeta": {
        "react-dom": {
          "optional": true
        }
      }
    },
    "node_modules/@radix-ui/react-collapsible": {
      "version": "1.1.11",
      "resolved": "https://registry.npmjs.org/@radix-ui/react-collapsible/-/react-collapsible-1.1.11.tgz",
      "integrity": "sha512-1a2b3c4d5e6f7g8h9i0j1k2l3m4n5o6p7q8r9s0t1u2v3w4x5y6z7a8b9c0d1e2f3g4h5i6j7k8l9m0n==",
      "dependencies": {
        "@radix-ui/react-primitive": "1.1.1"
      },
      "peerDependencies": {
        "react": "^16.8 || ^17.0 || ^18.0"
      },
      "peerDependenciesMeta": {
        "react-dom": {
          "optional": true
        }
      }
    },
    "node_modules/@radix-ui/react-dialog": {
      "version": "1.1.6",
      "resolved": "https://registry.npmjs.org/@radix-ui/react-dialog/-/react-dialog-1.1.6.tgz",
      "integrity": "sha512-1a2b3c4d5e6f7g8h9i0j1k2l3m4n5o6p7q8r9s0t1u2v3w4x5y6z7a8b9c0d1e2f3g4h5i6j7k8l9m0n==",
      "dependencies": {
        "@radix-ui/react-dismissable-layer": "1.1.6",
        "@radix-ui/react-focus-scope": "1.1.5",
        "@radix-ui/react-portal": "1.1.0",
        "@radix-ui/react-primitive": "1.1.1",
        "aria-hidden": "1.1.1",
        "react-remove-scroll": "2.5.9"
      },
      "peerDependencies": {
        "react": "^16.8 || ^17.0 || ^18.0"
      },
      "peerDependenciesMeta": {
        "react-dom": {
          "optional": true
        }
      }
    },
    "node_modules/@radix-ui/react-dismissable-layer": {
      "version": "1.1.6",
      "resolved": "https://registry.npmjs.org/@radix-ui/react-dismissable-layer/-/react-dismissable-layer-1.1.6.tgz",
      "integrity": "sha512-1a2b3c4d5e6f7g8h9i0j1k2l3m4n5o6p7q8r9s0t1u2v3w4x5y6z7a8b9c0d1e2f3g4h5i6j7k8l9m0n==",
      "dependencies": {
        "@radix-ui/react-compose-refs": "1.0.1",
        "@radix-ui/react-primitive": "1.1.1"
      },
      "peerDependencies": {
        "react": "^16.8 || ^17.0 || ^18.0"
      },
      "peerDependenciesMeta": {
        "react-dom": {
          "optional": true
        }
      }
    },
    "node_modules/@radix-ui/react-dropdown-menu": {
      "version": "2.1.6",
      "resolved": "https://registry.npmjs.org/@radix-ui/react-dropdown-menu/-/react-dropdown-menu-2.1.6.tgz",
      "integrity": "sha512-1a2b3c4d5e6f7g8h9i0j1k2l3m4n5o6p7q8r9s0t1u2v3w4x5y6z7a8b9c0d1e2f3g4h5i6j7k8l9m0n==",
      "dependencies": {
        "@radix-ui/react-menu": "2.1.6"
      },
      "peerDependencies": {
        "react": "^16.8 || ^17.0 || ^18.0"
      },
      "peerDependenciesMeta": {
        "react-dom": {
          "optional": true
        }
      }
    },
    "node_modules/@radix-ui/react-focus-scope": {
      "version": "1.1.5",
      "resolved": "https://registry.npmjs.org/@radix-ui/react-focus-scope/-/react-focus-scope-1.1.5.tgz",
      "integrity": "sha512-1a2b3c4d5e6f7g8h9i0j1k2l3m4n5o6p7q8r9s0t1u2v3w4x5y6z7a8b9c0d1e2f3g4h5i6j7k8l9m0n==",
      "dependencies": {
        "@radix-ui/react-compose-refs": "1.0.1"
      },
      "peerDependencies": {
        "react": "^16.8 || ^17.0 || ^18.0"
      },
      "peerDependenciesMeta": {
        "react-dom": {
          "optional": true
        }
      }
    },
    "node_modules/@radix-ui/react-label": {
      "version": "2.1.2",
      "resolved": "https://registry.npmjs.org/@radix-ui/react-label/-/react-label-2.1.2.tgz",
      "integrity": "sha512-1a2b3c4d5e6f7g8h9i0j1k2l3m4n5o6p7q8r9s0t1u2v3w4x5y6z7a8b9c0d1e2f3g4h5i6j7k8l9m0n==",
      "dependencies": {
        "@radix-ui/react-primitive": "1.1.1"
      },
      "peerDependencies": {
        "react": "^16.8 || ^17.0 || ^18.0"
      },
      "peerDependenciesMeta": {
        "react-dom": {
          "optional": true
        }
      }
    },
    "node_modules/@radix-ui/react-menubar": {
      "version": "1.1.6",
      "resolved": "https://registry.npmjs.org/@radix-ui/react-menubar/-/react-menubar-1.1.6.tgz",
      "integrity": "sha512-1a2b3c4d5e6f7g8h9i0j1k2l3m4n5o6p7q8r9s0t1u2v3w4x5y6z7a8b9c0d1e2f3g4h5i6j7k8l9m0n==",
      "dependencies": {
        "@radix-ui/react-menu": "2.1.6"
      },
      "peerDependencies": {
        "react": "^16.8 || ^17.0 || ^18.0"
      },
      "peerDependenciesMeta": {
        "react-dom": {
          "optional": true
        }
      }
    },
    "node_modules/@radix-ui/react-popover": {
      "version": "1.1.6",
      "resolved": "https://registry.npmjs.org/@radix-ui/react-popover/-/react-popover-1.1.6.tgz",
      "integrity": "sha512-1a2b3c4d5e6f7g8h9i0j1k2l3m4n5o6p7q8r9s0t1u2v3w4x5y6z7a8b9c0d1e2f3g4h5i6j7k8l9m0n==",
      "dependencies": {
        "@radix-ui/react-popper": "1.2.3",
        "@radix-ui/react-dialog": "1.1.6"
      },
      "peerDependencies": {
        "react": "^16.8 || ^17.0 || ^18.0"
      },
      "peerDependenciesMeta": {
        "react-dom": {
          "optional": true
        }
      }
    },
    "node_modules/@radix-ui/react-popper": {
      "version": "1.2.3",
      "resolved": "https://registry.npmjs.org/@radix-ui/react-popper/-/react-popper-1.2.3.tgz",
      "integrity": "sha512-1a2b3c4d5e6f7g8h9i0j1k2l3m4n5o6p7q8r9s0t1u2v3w4x5y6z7a8b9c0d1e2f3g4h5i6j7k8l9m0n==",
      "dependencies": {
        "@radix-ui/react-primitive": "1.1.1"
      },
      "peerDependencies": {
        "react": "^16.8 || ^17.0 || ^18.0"
      },
      "peerDependenciesMeta": {
        "react-dom": {
          "optional": true
        }
      }
    },
    "node_modules/@radix-ui/react-progress": {
      "version": "1.1.2",
      "resolved": "https://registry.npmjs.org/@radix-ui/react-progress/-/react-progress-1.1.2.tgz",
      "integrity": "sha512-1a2b3c4d5e6f7g8h9i0j1k2l3m4n5o6p7q8r9s0t1u2v3w4x5y6z7a8b9c0d1e2f3g4h5i6j7k8l9m0n==",
      "dependencies": {
        "@radix-ui/react-primitive": "1.1.1"
      },
      "peerDependencies": {
        "react": "^16.8 || ^17.0 || ^18.0"
      },
      "peerDependenciesMeta": {
        "react-dom": {
          "optional": true
        }
      }
    },
    "node_modules/@radix-ui/react-radio-group": {
      "version": "1.2.3",
      "resolved": "https://registry.npmjs.org/@radix-ui/react-radio-group/-/react-radio-group-1.2.3.tgz",
      "integrity": "sha512-1a2b3c4d5e6f7g8h9i0j1k2l3m4n5o6p7q8r9s0t1u2v3w4x5y6z7a8b9c0d1e2f3g4h5i6j7k8l9m0n==",
      "dependencies": {
        "@radix-ui/react-label": "2.1.2",
        "@radix-ui/react-primitive": "1.1.1"
      },
      "peerDependencies": {
        "react": "^16.8 || ^17.0 || ^18.0"
      },
      "peerDependenciesMeta": {
        "react-dom": {
          "optional": true
        }
      }
    },
    "node_modules/@radix-ui/react-scroll-area": {
      "version": "1.2.3",
      "resolved": "https://registry.npmjs.org/@radix-ui/react-scroll-area/-/react-scroll-area-1.2.3.tgz",
      "integrity": "sha512-1a2b3c4d5e6f7g8h9i0j1k2l3m4n5o6p7q8r9s0t1u2v3w4x5y6z7a8b9c0d1e2f3g4h5i6j7k8l9m0n==",
      "dependencies": {
        "@radix-ui/react-primitive": "1.1.1"
      },
      "peerDependencies": {
        "react": "^16.8 || ^17.0 || ^18.0"
      },
      "peerDependenciesMeta": {
        "react-dom": {
          "optional": true
        }
      }
    },
    "node_modules/@radix-ui/react-select": {
      "version": "2.1.6",
      "resolved": "https://registry.npmjs.org/@radix-ui/react-select/-/react-select-2.1.6.tgz",
      "integrity": "sha512-1a2b3c4d5e6f7g8h9i0j1k2l3m4n5o6p7q8r9s0t1u2v3w4x5y6z7a8b9c0d1e2f3g4h5i6j7k8l9m0n==",
      "dependencies": {
        "@radix-ui/react-popper": "1.2.3",
        "@radix-ui/react-primitive": "1.1.1"
      },
      "peerDependencies": {
        "react": "^16.8 || ^17.0 || ^18.0"
      },
      "peerDependenciesMeta": {
        "react-dom": {
          "optional": true
        }
      }
    },
    "node_modules/@radix-ui/react-separator": {
      "version": "1.1.2",
      "resolved": "https://registry.npmjs.org/@radix-ui/react-separator/-/react-separator-1.1.2.tgz",
      "integrity": "sha512-1a2b3c4d5e6f7g8h9i0j1k2l3m4n5o6p7q8r9s0t1u2v3w4x5y6z7a8b9c0d1e2f3g4h5i6j7k8l9m0n==",
      "dependencies": {
        "@radix-ui/react-primitive": "1.1.1"
      },
      "peerDependencies": {
        "react": "^16.8 || ^17.0 || ^18.0"
      },
      "peerDependenciesMeta": {
        "react-dom": {
          "optional": true
        }
      }
    },
    "node_modules/@radix-ui/react-slider": {
      "version": "1.2.3",
      "resolved": "https://registry.npmjs.org/@radix-ui/react-slider/-/react-slider-1.2.3.tgz",
      "integrity": "sha512-1a2b3c4d5e6f7g8h9i0j1k2l3m4n5o6p7q8r9s0t1u2v3w4x5y6z7a8b9c0d1e2f3g4h5i6j7k8l9m0n==",
      "dependencies": {
        "@radix-ui/react-primitive": "1.1.1"
      },
      "peerDependencies": {
        "react": "^16.8 || ^17.0 || ^18.0"
      },
      "peerDependenciesMeta": {
        "react-dom": {
          "optional": true
        }
      }
    },
    "node_modules/@radix-ui/react-slot": {
      "version": "1.2.3",
      "resolved": "https://registry.npmjs.org/@radix-ui/react-slot/-/react-slot-1.2.3.tgz",
      "integrity": "sha512-1a2b3c4d5e6f7g8h9i0j1k2l3m4n5o6p7q8r9s0t1u2v3w4x5y6z7a8b9c0d1e2f3g4h5i6j7k8l9m0n==",
      "dependencies": {
        "@radix-ui/react-primitive": "1.1.1"
      },
      "peerDependencies": {
        "react": "^16.8 || ^17.0 || ^18.0"
      },
      "peerDependenciesMeta": {
        "react-dom": {
          "optional": true
        }
      }
    },
    "node_modules/@radix-ui/react-switch": {
      "version": "1.1.3",
      "resolved": "https://registry.npmjs.org/@radix-ui/react-switch/-/react-switch-1.1.3.tgz",
      "integrity": "sha512-1a2b3c4d5e6f7g8h9i0j1k2l3m4n5o6p7q8r9s0t1u2v3w4x5y6z7a8b9c0d1e2f3g4h5i6j7k8l9m0n==",
      "dependencies": {
        "@radix-ui/react-primitive": "1.1.1"
      },
      "peerDependencies": {
        "react": "^16.8 || ^17.0 || ^18.0"
      },
      "peerDependenciesMeta": {
        "react-dom": {
          "optional": true
        }
      }
    },
    "node_modules/@radix-ui/react-tabs": {
      "version": "1.1.3",
      "resolved": "https://registry.npmjs.org/@radix-ui/react-tabs/-/react-tabs-1.1.3.tgz",
      "integrity": "sha512-1a2b3c4d5e6f7g8h9i0j1k2l3m4n5o6p7q8r9s0t1u2v3w4x5y6z7a8b9c0d1e2f3g4h5i6j7k8l9m0n==",
      "dependencies": {
        "@radix-ui/react-primitive": "1.1.1"
      },
      "peerDependencies": {
        "react": "^16.8 || ^17.0 || ^18.0"
      },
      "peerDependenciesMeta": {
        "react-dom": {
          "optional": true
        }
      }
    },
    "node_modules/@radix-ui/react-toast": {
      "version": "1.2.6",
      "resolved": "https://registry.npmjs.org/@radix-ui/react-toast/-/react-toast-1.2.6.tgz",
      "integrity": "sha512-1a2b3c4d5e6f7g8h9i0j1k2l3m4n5o6p7q8r9s0t1u2v3w4x5y6z7a8b9c0d1e2f3g4h5i6j7k8l9m0n==",
      "dependencies": {
        "@radix-ui/react-dismissable-layer": "1.1.6"
      },
      "peerDependencies": {
        "react": "^16.8 || ^17.0 || ^18.0"
      },
      "peerDependenciesMeta": {
        "react-dom": {
          "optional": true
        }
      }
    },
    "node_modules/@radix-ui/react-tooltip": {
      "version": "1.1.8",
      "resolved": "https://registry.npmjs.org/@radix-ui/react-tooltip/-/react-tooltip-1.1.8.tgz",
      "integrity": "sha512-1a2b3c4d5e6f7g8h9i0j1k2l3m4n5o6p7q8r9s0t1u2v3w4x5y6z7a8b9c0d1e2f3g4h5i6j7k8l9m0n==",
      "dependencies": {
        "@radix-ui/react-popper": "1.2.3",
        "@radix-ui/react-primitive": "1.1.1"
      },
      "peerDependencies": {
        "react": "^16.8 || ^17.0 || ^18.0"
      },
      "peerDependenciesMeta": {
        "react-dom": {
          "optional": true
        }
      }
    },
    "node_modules/@types/node": {
      "version": "20.14.9",
      "resolved": "https://registry.npmjs.org/@types/node/-/node-20.14.9.tgz",
      "integrity": "sha512-06OCtnRE3L8hE2/Twwi2Ayl21c8JB2vV8eXGa1nRo0eCj6zD9w2s/o7jU2e4iNnBv6+559L/i5L43tgrD4l6A==",
      "dev": true,
      "dependencies": {
        "undici-types": "~5.26.4"
      }
    },
    "node_modules/@types/react": {
      "version": "18.3.3",
      "resolved": "https://registry.npmjs.org/@types/react/-/react-18.3.3.tgz",
      "integrity": "sha512-hti/R0pS0q1/c/MM1sDCc44nZ2j2Ra1iX17KpHU5cAj2G3sSUA23DTUg1/3G/8W2gX3CsEodbK01HVs2L4sWGA==",
      "dev": true,
      "dependencies": {
        "@types/prop-types": "*",
        "csstype": "^3.0.2"
      }
    },
    "node_modules/@types/react-dom": {
      "version": "18.3.0",
      "resolved": "https://registry.npmjs.org/@types/react-dom/-/react-dom-18.3.0.tgz",
      "integrity": "sha512-EhwA06eSncB/qg81n7Hl5k0b2aJye5z926p5sS1eiksvL9v1P3i3V5d4eG22i884uJW0n1jQihxY4+3Bqgq2rg==",
      "dev": true,
      "dependencies": {
        "@types/react": "*"
      }
    },
    "node_modules/class-variance-authority": {
      "version": "0.7.0",
      "resolved": "https://registry.npmjs.org/class-variance-authority/-/class-variance-authority-0.7.0.tgz",
      "integrity": "sha512-y/daS67Ddj6B+hD1sS+p5rI/2kI6PhEvD/Coy8QcANACviy/EYozJg3s2sQY7yGzYf/qAnmh3AJ04u/2aTqFvA==",
      "dependencies": {
        "clsx": "^2.0.0"
      }
    },
    "node_modules/clsx": {
      "version": "2.1.1",
      "resolved": "https://registry.npmjs.org/clsx/-/clsx-2.1.1.tgz",
      "integrity": "sha512-eYhVvP8A3m3pDDAI/d9geRHbzwhe2o3xNp3FVNGDrmo2gnoamJoj/0y6G5HDd3hQGj2U7B7teT5k93D3Vz50pA==",
      "engines": {
        "node": ">=6"
      }
    },
    "node_modules/date-fns": {
      "version": "3.6.0",
      "resolved": "https://registry.npmjs.org/date-fns/-/date-fns-3.6.0.tgz",
      "integrity": "sha512-f+1ptBw/tUfCSPS3728wz3w6zJw+2o5s6dePjBqD1Gv3fWjLzP2Uv5tQG5+s85fs/K9Pz5naoY4I5A3w==",
      "engines": {
        "node": ">=14.20.0"
      }
    },
    "node_modules/dotenv": {
      "version": "16.4.5",
      "resolved": "https://registry.npmjs.org/dotenv/-/dotenv-16.4.5.tgz",
      "integrity": "sha512-Zpp8adfT44Sjbq2YdoMsBwabIz/g1DCOSbp+H3sZeAnYLD6sCmMkH+fM/ErGTBAo2RIM62MREbsL2wG+1L2a9g==",
      "engines": {
        "node": ">=12"
      }
    },
    "node_modules/embla-carousel-react": {
      "version": "8.1.5",
      "resolved": "https://registry.npmjs.org/embla-carousel-react/-/embla-carousel-react-8.1.5.tgz",
      "integrity": "sha512-1a2b3c4d5e6f7g8h9i0j1k2l3m4n5o6p7q8r9s0t1u2v3w4x5y6z7a8b9c0d1e2f3g4h5i6j7k8l9m0n==",
      "peerDependencies": {
        "react": ">=16.8.0"
      }
    },
    "node_modules/firebase": {
      "version": "10.12.3",
      "resolved": "https://registry.npmjs.org/firebase/-/firebase-10.12.3.tgz",
      "integrity": "sha512-j/D3a2g/yI0s8wV0c0u2e1o2f3g4h5i6j7k8l9m0n1o2p3q4r5s6t7u8v9w0x1y2z3a4b5c6d7e8f==",
      "dependencies": {
        "@firebase/app": "0.10.6",
        "@firebase/app-compat": "0.2.14",
        "@firebase/auth": "1.7.3",
        "@firebase/auth-compat": "1.0.12",
        "@firebase/database": "1.0.8",
        "@firebase/database-compat": "1.0.8",
        "@firebase/firestore": "4.6.4",
        "@firebase/storage": "0.12.6",
        "tslib": "^2.1.0"
      }
    },
    "node_modules/genkit": {
      "version": "1.14.1",
      "resolved": "https://registry.npmjs.org/genkit/-/genkit-1.14.1.tgz",
      "integrity": "sha512-1a2b3c4d5e6f7g8h9i0j1k2l3m4n5o6p7q8r9s0t1u2v3w4x5y6z7a8b9c0d1e2f3g4h5i6j7k8l9m0n==",
      "dependencies": {
        "long": "^5.2.3",
        "zod": "^3.22.4"
      }
    },
    "node_modules/genkit-cli": {
      "version": "1.14.1",
      "resolved": "https://registry.npmjs.org/genkit-cli/-/genkit-cli-1.14.1.tgz",
      "integrity": "sha512-a1b2c3d4e5f6g7h8i9j0k1l2m3n4o5p6q7r8s9t0u1v2w3x4y5z6a7b8c9d0e1f2g3h4i5j6k7l8m9n0o==",
      "dev": true,
      "dependencies": {
        "dotenv": "^16.4.5"
      },
      "bin": {
        "genkit": "bin/genkit.js"
      }
    },
    "node_modules/html2canvas": {
      "version": "1.4.1",
      "resolved": "https://registry.npmjs.org/html2canvas/-/html2canvas-1.4.1.tgz",
      "integrity": "sha512-1a2b3c4d5e6f7g8h9i0j1k2l3m4n5o6p7q8r9s0t1u2v3w4x5y6z7a8b9c0d1e2f3g4h5i6j7k8l9m0n==",
      "engines": {
        "node": ">=10.20.0"
      }
    },
    "node_modules/jspdf": {
      "version": "2.5.1",
      "resolved": "https://registry.npmjs.org/jspdf/-/jspdf-2.5.1.tgz",
      "integrity": "sha512-a1b2c3d4e5f6g7h8i9j0k1l2m3n4o5p6q7r8s9t0u1v2w3x4y5z6a7b8c9d0e1f2g3h4i5j6k7l8m9n0o==",
      "dependencies": {
        "canvg": "3.0.10",
        "html2canvas": "1.4.1"
      }
    },
    "node_modules/long": {
      "version": "5.2.3",
      "resolved": "https://registry.npmjs.org/long/-/long-5.2.3.tgz",
      "integrity": "sha512-a1b2c3d4e5f6g7h8i9j0k1l2m3n4o5p6q7r8s9t0u1v2w3x4y5z6a7b8c9d0e1f2g3h4i5j6k7l8m9n0o=="
    },
    "node_modules/lucide-react": {
      "version": "0.400.0",
      "resolved": "https://registry.npmjs.org/lucide-react/-/lucide-react-0.400.0.tgz",
      "integrity": "sha512-1a2b3c4d5e6f7g8h9i0j1k2l3m4n5o6p7q8r9s0t1u2v3w4x5y6z7a8b9c0d1e2f3g4h5i6j7k8l9m0n==",
      "peerDependencies": {
        "react": ">=16.8"
      }
    },
    "node_modules/next": {
      "version": "14.2.5",
      "resolved": "https://registry.npmjs.org/next/-/next-14.2.5.tgz",
      "integrity": "sha512-1f1f1f1f1f1f1f1f1f1f1f1f1f1f1f1f1f1f1f1f1f1f1f1f1f1f1f1f1f1f1f1f1f1f1f1f1f1f1f1f",
      "dependencies": {
        "@babel/runtime": "7.24.8",
        "@emotion/is-prop-valid": "1.2.2",
        "styled-jsx": "5.1.6"
      },
      "bin": {
        "next": "dist/bin/next"
      },
      "peerDependencies": {
        "react": "^18.2.0",
        "react-dom": "^18.2.0"
      },
      "peerDependenciesMeta": {
        "styled-jsx": {
          "optional": true
        },
        "typescript": {
          "optional": true
        }
      }
    },
    "node_modules/postcss": {
      "version": "8.4.39",
      "resolved": "https://registry.npmjs.org/postcss/-/postcss-8.4.39.tgz",
      "integrity": "sha512-z7YyV51geAPJqvgrrsG2m267o7Yt5tYZv+8AARx2bDBdI/31/L5fUMhYsV8Lg9Ludk27lqY1iPmdS2y2l2r+HQ==",
      "dev": true,
      "dependencies": {
        "nanoid": "^3.3.7",
        "picocolors": "^1.0.0",
        "source-map-js": "^1.2.0"
      },
      "engines": {
        "node": "^12 || ^14 || >=16"
      }
    },
    "node_modules/react": {
      "version": "18.3.1",
      "resolved": "https://registry.npmjs.org/react/-/react-18.3.1.tgz",
      "integrity": "sha512-a1b2c3d4e5f6g7h8i9j0k1l2m3n4o5p6q7r8s9t0u1v2w3x4y5z6a7b8c9d0e1f2g3h4i5j6k7l8m9n0o==",
      "dependencies": {
        "loose-envify": "^1.1.0"
      },
      "engines": {
        "node": ">=0.10.0"
      }
    },
    "node_modules/react-day-picker": {
      "version": "8.10.1",
      "resolved": "https://registry.npmjs.org/react-day-picker/-/react-day-picker-8.10.1.tgz",
      "integrity": "sha512-1a2b3c4d5e6f7g8h9i0j1k2l3m4n5o6p7q8r9s0t1u2v3w4x5y6z7a8b9c0d1e2f3g4h5i6j7k8l9m0n==",
      "dependencies": {
        "date-fns": "^3.2.0"
      },
      "engines": {
        "node": ">=16"
      },
      "peerDependencies": {
        "react": ">=18"
      }
    },
    "node_modules/react-dom": {
      "version": "18.3.1",
      "resolved": "https://registry.npmjs.org/react-dom/-/react-dom-18.3.1.tgz",
      "integrity": "sha512-a1b2c3d4e5f6g7h8i9j0k1l2m3n4o5p6q7r8s9t0u1v2w3x4y5z6a7b8c9d0e1f2g3h4i5j6k7l8m9n0o==",
      "dependencies": {
        "loose-envify": "^1.1.0",
        "scheduler": "^0.23.2"
      },
      "peerDependencies": {
        "react": "^18.3.1"
      }
    },
    "node_modules/react-hook-form": {
      "version": "7.52.1",
      "resolved": "https://registry.npmjs.org/react-hook-form/-/react-hook-form-7.52.1.tgz",
      "integrity": "sha512-1a2b3c4d5e6f7g8h9i0j1k2l3m4n5o6p7q8r9s0t1u2v3w4x5y6z7a8b9c0d1e2f3g4h5i6j7k8l9m0n==",
      "peerDependencies": {
        "react": "^16.8.0 || ^17 || ^18"
      }
    },
    "node_modules/recharts": {
      "version": "2.12.7",
      "resolved": "https://registry.npmjs.org/recharts/-/recharts-2.12.7.tgz",
      "integrity": "sha512-1f1f1f1f1f1f1f1f1f1f1f1f1f1f1f1f1f1f1f1f1f1f1f1f1f1f1f1f1f1f1f1f1f1f1f1f1f1f1f1f",
      "dependencies": {
        "clsx": "^2.1.0",
        "d3-scale": "4.0.2",
        "d3-shape": "3.2.0",
        "recharts-scale": "0.5.1"
      },
      "peerDependencies": {
        "react": ">=16.0.0",
        "react-dom": ">=16.0.0"
      }
    },
    "node_modules/tailwind-merge": {
      "version": "2.3.0",
      "resolved": "https://registry.npmjs.org/tailwind-merge/-/tailwind-merge-2.3.0.tgz",
      "integrity": "sha512-3s+a63Iy/9d2x+8b/1+h3dYna1g7FzD5jT4J1KzHicEK8gI4e/AhGtyd2xL5pZ022p3u+2Br1CHXv4Skf3g7w==",
      "dependencies": {
        "lru-cache": "^10.2.0"
      }
    },
    "node_modules/tailwindcss-animate": {
      "version": "1.0.7",
      "resolved": "https://registry.npmjs.org/tailwindcss-animate/-/tailwindcss-animate-1.0.7.tgz",
      "integrity": "sha512-a1b2c3d4e5f6g7h8i9j0k1l2m3n4o5p6q7r8s9t0u1v2w3x4y5z6a7b8c9d0e1f2g3h4i5j6k7l8m9n0o=="
    },
    "node_modules/typescript": {
      "version": "5.5.3",
      "resolved": "https://registry.npmjs.org/typescript/-/typescript-5.5.3.tgz",
      "integrity": "sha512-cI/eQjJ/VSALpSiQ+6e6J2gVFsW92H1c1eix1K5WpG80iGzbsXz6g2Qd5gLf/vYn4S9o+n/PqZ9pXjD4g2A2g==",
      "dev": true,
      "bin": {
        "tsc": "bin/tsc",
        "tsserver": "bin/tsserver"
      },
      "engines": {
        "node": ">=14.17"
      }
    },
    "node_modules/zod": {
      "version": "3.23.8",
      "resolved": "https://registry.npmjs.org/zod/-/zod-3.23.8.tgz",
      "integrity": "sha512-XBx9AXhXktjUimVpBthzCq1mDwB5Vf+L5o83zo21eCze0msj3Cb6Sg40yG4o2/z4bPi9vj+s0i3k9rDTWwTT8w=="
    }
  }
}

    