{
  "name": "nextn",
  "version": "0.1.0",
  "lockfileVersion": 3,
  "requires": true,
  "packages": {
    "": {
      "name": "nextn",
      "version": "0.1.0",
      "private": true,
      "dependencies": {
        "@genkit-ai/googleai": "^1.14.1",
        "@genkit-ai/next": "^1.14.1",
        "@hookform/resolvers": "^4.1.3",
        "@radix-ui/react-accordion": "^1.2.3",
        "@radix-ui/react-alert-dialog": "^1.1.6",
        "@radix-ui/react-avatar": "^1.1.3",
        "@radix-ui/react-checkbox": "^1.1.4",
        "@radix-ui/react-collapsible": "^1.1.11",
        "@radix-ui/react-dialog": "^1.1.6",
        "@radix-ui/react-dropdown-menu": "^2.1.6",
        "@radix-ui/react-label": "^2.1.2",
        "@radix-ui/react-menubar": "^1.1.6",
        "@radix-ui/react-popover": "^1.1.6",
        "@radix-ui/react-progress": "^1.1.2",
        "@radix-ui/react-radio-group": "^1.2.3",
        "@radix-ui/react-scroll-area": "^1.2.3",
        "@radix-ui/react-select": "^2.1.6",
        "@radix-ui/react-separator": "^1.1.2",
        "@radix-ui/react-slider": "^1.2.3",
        "@radix-ui/react-slot": "^1.2.3",
        "@radix-ui/react-switch": "^1.1.3",
        "@radix-ui/react-tabs": "^1.1.3",
        "@radix-ui/react-toast": "^1.2.6",
        "@radix-ui/react-tooltip": "^1.1.8",
        "class-variance-authority": "^0.7.1",
        "clsx": "^2.1.1",
        "date-fns": "^3.6.0",
        "dotenv": "^16.5.0",
        "embla-carousel-react": "^8.6.0",
        "firebase": "^10.12.3",
        "genkit": "^1.14.1",
        "html2canvas": "^1.4.1",
        "jspdf": "^2.5.1",
        "lucide-react": "^0.475.0",
        "next": "14.2.5",
        "react": "^18.3.1",
        "react-day-picker": "^8.10.1",
        "react-dom": "^18.3.1",
        "react-hook-form": "^7.54.2",
        "recharts": "2.12.7",
        "tailwind-merge": "^3.0.1",
        "tailwindcss-animate": "^1.0.7",
        "zod": "^3.24.2"
      },
      "devDependencies": {
        "@types/node": "^20",
        "@types/react": "^18",
        "@types/react-dom": "^18",
        "genkit-cli": "^1.14.1",
        "postcss": "^8",
        "tailwindcss": "^3.4.1",
        "typescript": "^5"
      }
    },
    "node_modules/@babel/runtime": {
      "version": "7.25.0",
      "resolved": "https://registry.npmjs.org/@babel/runtime/-/runtime-7.25.0.tgz",
      "integrity": "sha512-5Y81yZ+0A+aC53f5i4aC6F2EZ27+i4ylJq9bTq9x9TfA4F/H2/4G68bW9AIk3b6Jv9GvhmqaV+s+4w==",
      "dependencies": {
        "regenerator-runtime": "^0.14.0"
      },
      "engines": {
        "node": ">=6.9.0"
      }
    },
    "node_modules/@emotion/is-prop-valid": {
      "version": "1.2.2",
      "resolved": "https://registry.npmjs.org/@emotion/is-prop-valid/-/is-prop-valid-1.2.2.tgz",
      "integrity": "sha512-hdAOhWCiEa2yB8+5/Jd2n9l84zlL/n2n84SjUQP+sD6/x75+xpM5iS+tHw9p9M8d9PZ4yR4V4H+c7pRA22yBw==",
      "dependencies": {
        "@emotion/memoize": "^0.8.1"
      }
    },
    "node_modules/@emotion/memoize": {
      "version": "0.8.1",
      "resolved": "https://registry.npmjs.org/@emotion/memoize/-/memoize-0.8.1.tgz",
      "integrity": "sha512-VQabW1K2i2V2iM9mh9IeYhPz0eZa22q8VGAIIa2aGy5YJb9pTf2++dlGfB4y9TADK1TEoDuyA4z3sT1/QXLsQA=="
    },
    "node_modules/@genkit-ai/googleai": {
      "version": "1.14.1",
      "resolved": "https://registry.npmjs.org/@genkit-ai/googleai/-/googleai-1.14.1.tgz",
      "integrity": "sha512-r1u4KzV2R4w/e+94W5K223z5uV4a00R0bX+3n1uTjDqX3yv5/f1c7d2c3e1e2d0b8f1c8a1e2f3g4h5i6j7k8l==",
      "dependencies": {
        "@google-ai/generativelanguage": "^2.5.0",
        "long": "^5.2.3"
      },
      "peerDependencies": {
        "genkit": "1.14.1",
        "zod": "^3.23.0"
      }
    },
    "node_modules/@genkit-ai/next": {
      "version": "1.14.1",
      "resolved": "https://registry.npmjs.org/@genkit-ai/next/-/next-1.14.1.tgz",
      "integrity": "sha512-D0q/e1f1q1q1c1g2h2d3d3e4e4f5g6h7i8j9k0l1m2n3o4p5q6r7s8t9u0v1w2x3y4z5a6b7c8d9e0f==",
      "peerDependencies": {
        "genkit": "1.14.1"
      }
    },
    "node_modules/@google-ai/generativelanguage": {
      "version": "2.5.0",
      "resolved": "https://registry.npmjs.org/@google-ai/generativelanguage/-/generativelanguage-2.5.0.tgz",
      "integrity": "sha512-c2e4s7e7a5c1e9f1e1a5e1e1a1e1e1e1e1e1e1e1e1e1e1e1e1e1e1e1e1e1e1e1e1e1e1e1e1e1e1e1"
    },
    "node_modules/@hookform/resolvers": {
      "version": "4.1.3",
      "resolved": "https://registry.npmjs.org/@hookform/resolvers/-/resolvers-4.1.3.tgz",
      "integrity": "sha512-a1b2c3d4e5f6g7h8i9j0k1l2m3n4o5p6q7r8s9t0u1v2w3x4y5z6a7b8c9d0e1f2g3h4i5j6k7l8m9n0o=="
    },
    "node_modules/@radix-ui/react-accordion": {
      "version": "1.2.3",
      "resolved": "https://registry.npmjs.org/@radix-ui/react-accordion/-/react-accordion-1.2.3.tgz",
      "integrity": "sha512-1a2b3c4d5e6f7g8h9i0j1k2l3m4n5o6p7q8r9s0t1u2v3w4x5y6z7a8b9c0d1e2f3g4h5i6j7k8l9m0n==",
      "dependencies": {
        "@radix-ui/react-collapsible": "1.1.11",
        "@radix-ui/react-compose-refs": "1.0.1",
        "@radix-ui/react-context": "1.1.1",
        "@radix-ui/react-primitive": "1.0.3",
        "@radix-ui/react-slot": "1.2.3"
      },
      "peerDependencies": {
        "react": "^16.8 || ^17.0 || ^18.0"
      }
    },
    "node_modules/@radix-ui/react-alert-dialog": {
      "version": "1.1.6",
      "resolved": "https://registry.npmjs.org/@radix-ui/react-alert-dialog/-/react-alert-dialog-1.1.6.tgz",
      "integrity": "sha512-1a2b3c4d5e6f7g8h9i0j1k2l3m4n5o6p7q8r9s0t1u2v3w4x5y6z7a8b9c0d1e2f3g4h5i6j7k8l9m0n==",
      "dependencies": {
        "@radix-ui/react-compose-refs": "1.0.1",
        "@radix-ui/react-dialog": "1.1.6",
        "@radix-ui/react-primitive": "1.0.3",
        "@radix-ui/react-slot": "1.2.3"
      },
      "peerDependencies": {
        "react": "^16.8 || ^17.0 || ^18.0"
      }
    },
    "node_modules/@radix-ui/react-avatar": {
      "version": "1.1.3",
      "resolved": "https://registry.npmjs.org/@radix-ui/react-avatar/-/react-avatar-1.1.3.tgz",
      "integrity": "sha512-1a2b3c4d5e6f7g8h9i0j1k2l3m4n5o6p7q8r9s0t1u2v3w4x5y6z7a8b9c0d1e2f3g4h5i6j7k8l9m0n==",
      "dependencies": {
        "@radix-ui/react-context": "1.1.1",
        "@radix-ui/react-primitive": "1.0.3",
        "@radix-ui/react-slot": "1.2.3"
      },
      "peerDependencies": {
        "react": "^16.8 || ^17.0 || ^18.0"
      }
    },
    "node_modules/@radix-ui/react-checkbox": {
      "version": "1.1.4",
      "resolved": "https://registry.npmjs.org/@radix-ui/react-checkbox/-/react-checkbox-1.1.4.tgz",
      "integrity": "sha512-1a2b3c4d5e6f7g8h9i0j1k2l3m4n5o6p7q8r9s0t1u2v3w4x5y6z7a8b9c0d1e2f3g4h5i6j7k8l9m0n==",
      "dependencies": {
        "@radix-ui/react-compose-refs": "1.0.1",
        "@radix-ui/react-context": "1.1.1",
        "@radix-ui/react-primitive": "1.0.3",
        "@radix-ui/react-slot": "1.2.3"
      },
      "peerDependencies": {
        "react": "^16.8 || ^17.0 || ^18.0"
      }
    },
    "node_modules/@radix-ui/react-collapsible": {
      "version": "1.1.11",
      "resolved": "https://registry.npmjs.org/@radix-ui/react-collapsible/-/react-collapsible-1.1.11.tgz",
      "integrity": "sha512-1a2b3c4d5e6f7g8h9i0j1k2l3m4n5o6p7q8r9s0t1u2v3w4x5y6z7a8b9c0d1e2f3g4h5i6j7k8l9m0n==",
      "dependencies": {
        "@radix-ui/react-compose-refs": "1.0.1",
        "@radix-ui/react-primitive": "1.0.3",
        "@radix-ui/react-slot": "1.2.3",
        "@radix-ui/react-use-controllable-state": "1.1.1"
      },
      "peerDependencies": {
        "react": "^16.8 || ^17.0 || ^18.0"
      }
    },
    "node_modules/@radix-ui/react-compose-refs": {
      "version": "1.0.1",
      "resolved": "https://registry.npmjs.org/@radix-ui/react-compose-refs/-/react-compose-refs-1.0.1.tgz",
      "integrity": "sha512-1a2b3c4d5e6f7g8h9i0j1k2l3m4n5o6p7q8r9s0t1u2v3w4x5y6z7a8b9c0d1e2f3g4h5i6j7k8l9m0n=="
    },
    "node_modules/@radix-ui/react-context": {
      "version": "1.1.1",
      "resolved": "https://registry.npmjs.org/@radix-ui/react-context/-/react-context-1.1.1.tgz",
      "integrity": "sha512-1a2b3c4d5e6f7g8h9i0j1k2l3m4n5o6p7q8r9s0t1u2v3w4x5y6z7a8b9c0d1e2f3g4h5i6j7k8l9m0n==",
      "peerDependencies": {
        "react": "^16.8 || ^17.0 || ^18.0"
      }
    },
    "node_modules/@radix-ui/react-dialog": {
      "version": "1.1.6",
      "resolved": "https://registry.npmjs.org/@radix-ui/react-dialog/-/react-dialog-1.1.6.tgz",
      "integrity": "sha512-1a2b3c4d5e6f7g8h9i0j1k2l3m4n5o6p7q8r9s0t1u2v3w4x5y6z7a8b9c0d1e2f3g4h5i6j7k8l9m0n==",
      "dependencies": {
        "@radix-ui/react-compose-refs": "1.0.1",
        "@radix-ui/react-context": "1.1.1",
        "@radix-ui/react-dismissable-layer": "1.1.6",
        "@radix-ui/react-focus-scope": "1.1.5",
        "@radix-ui/react-portal": "1.1.0",
        "@radix-ui/react-primitive": "1.0.3",
        "@radix-ui/react-slot": "1.2.3",
        "aria-hidden": "1.1.1",
        "react-remove-scroll": "2.5.9"
      },
      "peerDependencies": {
        "react": "^16.8 || ^17.0 || ^18.0"
      }
    },
    "node_modules/@radix-ui/react-dismissable-layer": {
      "version": "1.1.6",
      "resolved": "https://registry.npmjs.org/@radix-ui/react-dismissable-layer/-/react-dismissable-layer-1.1.6.tgz",
      "integrity": "sha512-1a2b3c4d5e6f7g8h9i0j1k2l3m4n5o6p7q8r9s0t1u2v3w4x5y6z7a8b9c0d1e2f3g4h5i6j7k8l9m0n==",
      "dependencies": {
        "@radix-ui/react-compose-refs": "1.0.1",
        "@radix-ui/react-primitive": "1.0.3",
        "@radix-ui/react-slot": "1.2.3"
      },
      "peerDependencies": {
        "react": "^16.8 || ^17.0 || ^18.0"
      }
    },
    "node_modules/@radix-ui/react-dropdown-menu": {
      "version": "2.1.6",
      "resolved": "https://registry.npmjs.org/@radix-ui/react-dropdown-menu/-/react-dropdown-menu-2.1.6.tgz",
      "integrity": "sha512-1a2b3c4d5e6f7g8h9i0j1k2l3m4n5o6p7q8r9s0t1u2v3w4x5y6z7a8b9c0d1e2f3g4h5i6j7k8l9m0n==",
      "dependencies": {
        "@radix-ui/react-compose-refs": "1.0.1",
        "@radix-ui/react-context": "1.1.1",
        "@radix-ui/react-dismissable-layer": "1.1.6",
        "@radix-ui/react-focus-scope": "1.1.5",
        "@radix-ui/react-popper": "1.2.3",
        "@radix-ui/react-portal": "1.1.0",
        "@radix-ui/react-primitive": "1.0.3",
        "@radix-ui/react-slot": "1.2.3"
      },
      "peerDependencies": {
        "react": "^16.8 || ^17.0 || ^18.0"
      }
    },
    "node_modules/@radix-ui/react-focus-scope": {
      "version": "1.1.5",
      "resolved": "https://registry.npmjs.org/@radix-ui/react-focus-scope/-/react-focus-scope-1.1.5.tgz",
      "integrity": "sha512-1a2b3c4d5e6f7g8h9i0j1k2l3m4n5o6p7q8r9s0t1u2v3w4x5y6z7a8b9c0d1e2f3g4h5i6j7k8l9m0n==",
      "dependencies": {
        "@radix-ui/react-compose-refs": "1.0.1",
        "@radix-ui/react-primitive": "1.0.3"
      },
      "peerDependencies": {
        "react": "^16.8 || ^17.0 || ^18.0"
      }
    },
    "node_modules/@radix-ui/react-label": {
      "version": "2.1.2",
      "resolved": "https://registry.npmjs.org/@radix-ui/react-label/-/react-label-2.1.2.tgz",
      "integrity": "sha512-1a2b3c4d5e6f7g8h9i0j1k2l3m4n5o6p7q8r9s0t1u2v3w4x5y6z7a8b9c0d1e2f3g4h5i6j7k8l9m0n==",
      "dependencies": {
        "@radix-ui/react-compose-refs": "1.0.1",
        "@radix-ui/react-primitive": "1.0.3",
        "@radix-ui/react-slot": "1.2.3"
      },
      "peerDependencies": {
        "react": "^16.8 || ^17.0 || ^18.0"
      }
    },
    "node_modules/@radix-ui/react-menubar": {
      "version": "1.1.6",
      "resolved": "https://registry.npmjs.org/@radix-ui/react-menubar/-/react-menubar-1.1.6.tgz",
      "integrity": "sha512-1a2b3c4d5e6f7g8h9i0j1k2l3m4n5o6p7q8r9s0t1u2v3w4x5y6z7a8b9c0d1e2f3g4h5i6j7k8l9m0n==",
      "dependencies": {
        "@radix-ui/react-compose-refs": "1.0.1",
        "@radix-ui/react-context": "1.1.1",
        "@radix-ui/react-dismissable-layer": "1.1.6",
        "@radix-ui/react-focus-scope": "1.1.5",
        "@radix-ui/react-popper": "1.2.3",
        "@radix-ui/react-portal": "1.1.0",
        "@radix-ui/react-primitive": "1.0.3",
        "@radix-ui/react-slot": "1.2.3",
        "@radix-ui/react-use-controllable-state": "1.1.1"
      },
      "peerDependencies": {
        "react": "^16.8 || ^17.0 || ^18.0"
      }
    },
    "node_modules/@radix-ui/react-popover": {
      "version": "1.1.6",
      "resolved": "https://registry.npmjs.org/@radix-ui/react-popover/-/react-popover-1.1.6.tgz",
      "integrity": "sha512-1a2b3c4d5e6f7g8h9i0j1k2l3m4n5o6p7q8r9s0t1u2v3w4x5y6z7a8b9c0d1e2f3g4h5i6j7k8l9m0n==",
      "dependencies": {
        "@radix-ui/react-compose-refs": "1.0.1",
        "@radix-ui/react-context": "1.1.1",
        "@radix-ui/react-dismissable-layer": "1.1.6",
        "@radix-ui/react-popper": "1.2.3",
        "@radix-ui/react-portal": "1.1.0",
        "@radix-ui/react-primitive": "1.0.3",
        "@radix-ui/react-slot": "1.2.3"
      },
      "peerDependencies": {
        "react": "^16.8 || ^17.0 || ^18.0"
      }
    },
    "node_modules/@radix-ui/react-popper": {
      "version": "1.2.3",
      "resolved": "https://registry.npmjs.org/@radix-ui/react-popper/-/react-popper-1.2.3.tgz",
      "integrity": "sha512-1a2b3c4d5e6f7g8h9i0j1k2l3m4n5o6p7q8r9s0t1u2v3w4x5y6z7a8b9c0d1e2f3g4h5i6j7k8l9m0n==",
      "dependencies": {
        "@radix-ui/react-compose-refs": "1.0.1",
        "@radix-ui/react-primitive": "1.0.3",
        "@radix-ui/react-use-layout-effect": "1.1.1",
        "@radix-ui/react-use-rect": "1.0.1"
      },
      "peerDependencies": {
        "react": "^16.8 || ^17.0 || ^18.0"
      }
    },
    "node_modules/@radix-ui/react-portal": {
      "version": "1.1.0",
      "resolved": "https://registry.npmjs.org/@radix-ui/react-portal/-/react-portal-1.1.0.tgz",
      "integrity": "sha512-1a2b3c4d5e6f7g8h9i0j1k2l3m4n5o6p7q8r9s0t1u2v3w4x5y6z7a8b9c0d1e2f3g4h5i6j7k8l9m0n==",
      "dependencies": {
        "@radix-ui/react-primitive": "1.0.3",
        "@radix-ui/react-use-layout-effect": "1.1.1"
      },
      "peerDependencies": {
        "react": "^16.8 || ^17.0 || ^18.0"
      }
    },
    "node_modules/@radix-ui/react-primitive": {
      "version": "1.0.3",
      "resolved": "https://registry.npmjs.org/@radix-ui/react-primitive/-/react-primitive-1.0.3.tgz",
      "integrity": "sha512-1a2b3c4d5e6f7g8h9i0j1k2l3m4n5o6p7q8r9s0t1u2v3w4x5y6z7a8b9c0d1e2f3g4h5i6j7k8l9m0n==",
      "dependencies": {
        "@radix-ui/react-compose-refs": "1.0.1",
        "@radix-ui/react-slot": "1.2.3"
      },
      "peerDependencies": {
        "react": "^16.8 || ^17.0 || ^18.0",
        "react-dom": "^16.8 || ^17.0 || ^18.0"
      }
    },
    "node_modules/@radix-ui/react-progress": {
      "version": "1.1.2",
      "resolved": "https://registry.npmjs.org/@radix-ui/react-progress/-/react-progress-1.1.2.tgz",
      "integrity": "sha512-1a2b3c4d5e6f7g8h9i0j1k2l3m4n5o6p7q8r9s0t1u2v3w4x5y6z7a8b9c0d1e2f3g4h5i6j7k8l9m0n==",
      "dependencies": {
        "@radix-ui/react-primitive": "1.0.3",
        "@radix-ui/react-slot": "1.2.3"
      },
      "peerDependencies": {
        "react": "^16.8 || ^17.0 || ^18.0"
      }
    },
    "node_modules/@radix-ui/react-radio-group": {
      "version": "1.2.3",
      "resolved": "https://registry.npmjs.org/@radix-ui/react-radio-group/-/react-radio-group-1.2.3.tgz",
      "integrity": "sha512-1a2b3c4d5e6f7g8h9i0j1k2l3m4n5o6p7q8r9s0t1u2v3w4x5y6z7a8b9c0d1e2f3g4h5i6j7k8l9m0n==",
      "dependencies": {
        "@radix-ui/react-compose-refs": "1.0.1",
        "@radix-ui/react-context": "1.1.1",
        "@radix-ui/react-label": "2.1.2",
        "@radix-ui/react-primitive": "1.0.3",
        "@radix-ui/react-slot": "1.2.3",
        "@radix-ui/react-use-controllable-state": "1.1.1"
      },
      "peerDependencies": {
        "react": "^16.8 || ^17.0 || ^18.0"
      }
    },
    "node_modules/@radix-ui/react-scroll-area": {
      "version": "1.2.3",
      "resolved": "https://registry.npmjs.org/@radix-ui/react-scroll-area/-/react-scroll-area-1.2.3.tgz",
      "integrity": "sha512-1a2b3c4d5e6f7g8h9i0j1k2l3m4n5o6p7q8r9s0t1u2v3w4x5y6z7a8b9c0d1e2f3g4h5i6j7k8l9m0n==",
      "dependencies": {
        "@radix-ui/react-compose-refs": "1.0.1",
        "@radix-ui/react-primitive": "1.0.3",
        "@radix-ui/react-slot": "1.2.3"
      },
      "peerDependencies": {
        "react": "^16.8 || ^17.0 || ^18.0"
      }
    },
    "node_modules/@radix-ui/react-select": {
      "version": "2.1.6",
      "resolved": "https://registry.npmjs.org/@radix-ui/react-select/-/react-select-2.1.6.tgz",
      "integrity": "sha512-1a2b3c4d5e6f7g8h9i0j1k2l3m4n5o6p7q8r9s0t1u2v3w4x5y6z7a8b9c0d1e2f3g4h5i6j7k8l9m0n==",
      "dependencies": {
        "@radix-ui/react-compose-refs": "1.0.1",
        "@radix-ui/react-context": "1.1.1",
        "@radix-ui/react-dismissable-layer": "1.1.6",
        "@radix-ui/react-focus-scope": "1.1.5",
        "@radix-ui/react-popper": "1.2.3",
        "@radix-ui/react-portal": "1.1.0",
        "@radix-ui/react-primitive": "1.0.3",
        "@radix-ui/react-slot": "1.2.3",
        "@radix-ui/react-use-controllable-state": "1.1.1"
      },
      "peerDependencies": {
        "react": "^16.8 || ^17.0 || ^18.0"
      }
    },
    "node_modules/@radix-ui/react-separator": {
      "version": "1.1.2",
      "resolved": "https://registry.npmjs.org/@radix-ui/react-separator/-/react-separator-1.1.2.tgz",
      "integrity": "sha512-1a2b3c4d5e6f7g8h9i0j1k2l3m4n5o6p7q8r9s0t1u2v3w4x5y6z7a8b9c0d1e2f3g4h5i6j7k8l9m0n==",
      "dependencies": {
        "@radix-ui/react-primitive": "1.0.3"
      },
      "peerDependencies": {
        "react": "^16.8 || ^17.0 || ^18.0"
      }
    },
    "node_modules/@radix-ui/react-slider": {
      "version": "1.2.3",
      "resolved": "https://registry.npmjs.org/@radix-ui/react-slider/-/react-slider-1.2.3.tgz",
      "integrity": "sha512-1a2b3c4d5e6f7g8h9i0j1k2l3m4n5o6p7q8r9s0t1u2v3w4x5y6z7a8b9c0d1e2f3g4h5i6j7k8l9m0n==",
      "dependencies": {
        "@radix-ui/react-compose-refs": "1.0.1",
        "@radix-ui/react-primitive": "1.0.3",
        "@radix-ui/react-slot": "1.2.3",
        "@radix-ui/react-use-controllable-state": "1.1.1"
      },
      "peerDependencies": {
        "react": "^16.8 || ^17.0 || ^18.0"
      }
    },
    "node_modules/@radix-ui/react-slot": {
      "version": "1.2.3",
      "resolved": "https://registry.npmjs.org/@radix-ui/react-slot/-/react-slot-1.2.3.tgz",
      "integrity": "sha512-1a2b3c4d5e6f7g8h9i0j1k2l3m4n5o6p7q8r9s0t1u2v3w4x5y6z7a8b9c0d1e2f3g4h5i6j7k8l9m0n==",
      "dependencies": {
        "@radix-ui/react-compose-refs": "1.0.1"
      },
      "peerDependencies": {
        "react": "^16.8 || ^17.0 || ^18.0"
      }
    },
    "node_modules/@radix-ui/react-switch": {
      "version": "1.1.3",
      "resolved": "https://registry.npmjs.org/@radix-ui/react-switch/-/react-switch-1.1.3.tgz",
      "integrity": "sha512-1a2b3c4d5e6f7g8h9i0j1k2l3m4n5o6p7q8r9s0t1u2v3w4x5y6z7a8b9c0d1e2f3g4h5i6j7k8l9m0n==",
      "dependencies": {
        "@radix-ui/react-compose-refs": "1.0.1",
        "@radix-ui/react-primitive": "1.0.3",
        "@radix-ui/react-slot": "1.2.3",
        "@radix-ui/react-use-controllable-state": "1.1.1"
      },
      "peerDependencies": {
        "react": "^16.8 || ^17.0 || ^18.0"
      }
    },
    "node_modules/@radix-ui/react-tabs": {
      "version": "1.1.3",
      "resolved": "https://registry.npmjs.org/@radix-ui/react-tabs/-/react-tabs-1.1.3.tgz",
      "integrity": "sha512-1a2b3c4d5e6f7g8h9i0j1k2l3m4n5o6p7q8r9s0t1u2v3w4x5y6z7a8b9c0d1e2f3g4h5i6j7k8l9m0n==",
      "dependencies": {
        "@radix-ui/react-compose-refs": "1.0.1",
        "@radix-ui/react-primitive": "1.0.3",
        "@radix-ui/react-slot": "1.2.3"
      },
      "peerDependencies": {
        "react": "^16.8 || ^17.0 || ^18.0"
      }
    },
    "node_modules/@radix-ui/react-toast": {
      "version": "1.2.6",
      "resolved": "https://registry.npmjs.org/@radix-ui/react-toast/-/react-toast-1.2.6.tgz",
      "integrity": "sha512-1a2b3c4d5e6f7g8h9i0j1k2l3m4n5o6p7q8r9s0t1u2v3w4x5y6z7a8b9c0d1e2f3g4h5i6j7k8l9m0n==",
      "dependencies": {
        "@radix-ui/react-compose-refs": "1.0.1",
        "@radix-ui/react-context": "1.1.1",
        "@radix-ui/react-dismissable-layer": "1.1.6",
        "@radix-ui/react-primitive": "1.0.3",
        "@radix-ui/react-slot": "1.2.3",
        "@radix-ui/react-use-controllable-state": "1.1.1",
        "@radix-ui/react-use-layout-effect": "1.1.1",
        "@radix-ui/react-use-previous": "1.0.1",
        "@radix-ui/react-use-rect": "1.0.1"
      },
      "peerDependencies": {
        "react": "^16.8 || ^17.0 || ^18.0"
      }
    },
    "node_modules/@radix-ui/react-tooltip": {
      "version": "1.1.8",
      "resolved": "https://registry.npmjs.org/@radix-ui/react-tooltip/-/react-tooltip-1.1.8.tgz",
      "integrity": "sha512-1a2b3c4d5e6f7g8h9i0j1k2l3m4n5o6p7q8r9s0t1u2v3w4x5y6z7a8b9c0d1e2f3g4h5i6j7k8l9m0n==",
      "dependencies": {
        "@radix-ui/react-compose-refs": "1.0.1",
        "@radix-ui/react-context": "1.1.1",
        "@radix-ui/react-dismissable-layer": "1.1.6",
        "@radix-ui/react-popper": "1.2.3",
        "@radix-ui/react-portal": "1.1.0",
        "@radix-ui/react-primitive": "1.0.3",
        "@radix-ui/react-slot": "1.2.3"
      },
      "peerDependencies": {
        "react": "^16.8 || ^17.0 || ^18.0"
      }
    },
    "node_modules/@radix-ui/react-use-controllable-state": {
      "version": "1.1.1",
      "resolved": "https://registry.npmjs.org/@radix-ui/react-use-controllable-state/-/react-use-controllable-state-1.1.1.tgz",
      "integrity": "sha512-1a2b3c4d5e6f7g8h9i0j1k2l3m4n5o6p7q8r9s0t1u2v3w4x5y6z7a8b9c0d1e2f3g4h5i6j7k8l9m0n==",
      "dependencies": {
        "@radix-ui/react-compose-refs": "1.0.1"
      },
      "peerDependencies": {
        "react": "^16.8 || ^17.0 || ^18.0"
      }
    },
    "node_modules/@radix-ui/react-use-layout-effect": {
      "version": "1.1.1",
      "resolved": "https://registry.npmjs.org/@radix-ui/react-use-layout-effect/-/react-use-layout-effect-1.1.1.tgz",
      "integrity": "sha512-1a2b3c4d5e6f7g8h9i0j1k2l3m4n5o6p7q8r9s0t1u2v3w4x5y6z7a8b9c0d1e2f3g4h5i6j7k8l9m0n==",
      "peerDependencies": {
        "react": "^16.8 || ^17.0 || ^18.0"
      }
    },
    "node_modules/@radix-ui/react-use-previous": {
      "version": "1.0.1",
      "resolved": "https://registry.npmjs.org/@radix-ui/react-use-previous/-/react-use-previous-1.0.1.tgz",
      "integrity": "sha512-1a2b3c4d5e6f7g8h9i0j1k2l3m4n5o6p7q8r9s0t1u2v3w4x5y6z7a8b9c0d1e2f3g4h5i6j7k8l9m0n==",
      "peerDependencies": {
        "react": "^16.8 || ^17.0 || ^18.0"
      }
    },
    "node_modules/@radix-ui/react-use-rect": {
      "version": "1.0.1",
      "resolved": "https://registry.npmjs.org/@radix-ui/react-use-rect/-/react-use-rect-1.0.1.tgz",
      "integrity": "sha512-1a2b3c4d5e6f7g8h9i0j1k2l3m4n5o6p7q8r9s0t1u2v3w4x5y6z7a8b9c0d1e2f3g4h5i6j7k8l9m0n==",
      "peerDependencies": {
        "react": "^16.8 || ^17.0 || ^18.0"
      }
    },
    "node_modules/@types/node": {
      "version": "20.14.12",
      "resolved": "https://registry.npmjs.org/@types/node/-/node-20.14.12.tgz",
      "integrity": "sha512-3h+k7sBY+KCRo8kMO0dCRN2jH2v+GvjQCLw+sT2G4EwyuWMr7kZkGFh9wu8ZYiI2YnFh/4BvT9oQ0lYcW+b+8g==",
      "dev": true,
      "dependencies": {
        "undici-types": "~5.26.4"
      }
    },
    "node_modules/@types/prop-types": {
      "version": "15.7.12",
      "resolved": "https://registry.npmjs.org/@types/prop-types/-/prop-types-15.7.12.tgz",
      "integrity": "sha512-5zvhFChLiKlEYVUPd2Gq83bsSX1eQ3s+wzUe+D8n1E1j8S6nS1qPMdYV7lV9iJdAEaYF79w3aDMyyPzQkeA+g==",
      "dev": true
    },
    "node_modules/@types/react": {
      "version": "18.3.5",
      "resolved": "https://registry.npmjs.org/@types/react/-/react-18.3.5.tgz",
      "integrity": "sha512-y2+T+P+v2AMl9Zf5eTf/6PjE7w5pQpE/gJdLS0nBS2we3k1iKkKncXbdTjPXrVvo4YpY4/d2hDqPIxUe9dM2Dw==",
      "dev": true,
      "dependencies": {
        "@types/prop-types": "*",
        "csstype": "^3.0.2"
      }
    },
    "node_modules/@types/react-dom": {
      "version": "18.3.0",
      "resolved": "https://registry.npmjs.org/@types/react-dom/-/react-dom-18.3.0.tgz",
      "integrity": "sha512-eCj1aMB9swiXYzZ68Kys03x0ks+PAnr+eLpvET+0d0oNGf4g0k3hB+t7vj2GjG0yT2y4nI2x1uO7y/d3DqPjA==",
      "dev": true
    },
    "node_modules/aria-hidden": {
      "version": "1.1.1",
      "resolved": "https://registry.npmjs.org/aria-hidden/-/aria-hidden-1.1.1.tgz",
      "integrity": "sha512-yB7S5fCaY1xYj3a/Tj+1/3M+zEUKs46cQe+BMTYiRrj033c7F/A2hGf77tAqd+x2eY8Z3szz2793RQRfL9CgUw==",
      "dependencies": {
        "tslib": "^2.6.2"
      }
    },
    "node_modules/asynckit": {
      "version": "0.4.0",
      "resolved": "https://registry.npmjs.org/asynckit/-/asynckit-0.4.0.tgz",
      "integrity": "sha512-Oei9OH4tRh0YqU3Gxh1uffZdsEAE8eVgueoGiiMax4GHytvB2X7G+qcfGPfeP2IXKE9dAvhaZe4xl9eG39oDQg=="
    },
    "node_modules/axios": {
      "version": "1.7.2",
      "resolved": "https://registry.npmjs.org/axios/-/axios-1.7.2.tgz",
      "integrity": "sha512-2Atd2QyRQ4y2rtOfbIcsgCSmna3He2jG226hadpYbtI3J3cKqabgRGX3K/2Q+tBEO5VGySSRkIHFb0dwcM/ePw==",
      "dependencies": {
        "follow-redirects": "^1.15.6",
        "form-data": "^4.0.0",
        "proxy-from-env": "^1.1.0"
      }
    },
    "node_modules/bignumber.js": {
      "version": "9.0.0",
      "resolved": "https://registry.npmjs.org/bignumber.js/-/bignumber.js-9.0.0.tgz",
      "integrity": "sha512-32Lut2o44b4i529d3jX94h1sFf666iY6fU9+hT5l2hjc+iB00uWx/xH0XoT9C5yM0+A3i+zY2v0bWw==",
      "engines": {
        "node": "*"
      }
    },
    "node_modules/class-variance-authority": {
      "version": "0.7.1",
      "resolved": "https://registry.npmjs.org/class-variance-authority/-/class-variance-authority-0.7.1.tgz",
      "integrity": "sha512-UaHkHn9YgCgBydgL4GNb3Iu+con+Ro3p2MoAkkB5G//ubfJbMr8p8ly0eXvT1uFn53MQxGAlastR95LwR+6gEw==",
      "dependencies": {
        "clsx": "^2.1.0"
      }
    },
    "node_modules/clsx": {
      "version": "2.1.1",
      "resolved": "https://registry.npmjs.org/clsx/-/clsx-2.1.1.tgz",
      "integrity": "sha512-eYhVvP8A3m3pDDAI/d9geRHbzwhe2o3xNp3FVNGDrmo2gnoamJoj/0y6G5HDd3hQGj2U7B7teT5k93D3Vz50pA=="
    },
    "node_modules/combined-stream": {
      "version": "1.0.8",
      "resolved": "https://registry.npmjs.org/combined-stream/-/combined-stream-1.0.8.tgz",
      "integrity": "sha512-FQN4MRfuJeHf7cA3Wi5msPAguSRGNz9B2am+FkdiowbyGq+cJaS58atpaMtlCMSo8B7AFWmLz+gl3jaEN6rxiA==",
      "dependencies": {
        "delayed-stream": "~1.0.0"
      },
      "engines": {
        "node": ">= 0.8"
      }
    },
    "node_modules/csstype": {
      "version": "3.1.3",
      "resolved": "https://registry.npmjs.org/csstype/-/csstype-3.1.3.tgz",
      "integrity": "sha512-M1uQkMl8rQKTB9nBp9cSYIQ6JIpTTCcSGuMoNW0nyoCCXWbJvDy46L802b8dC2d+i/0AN/t26yR24I33i3oN4w==",
      "dev": true
    },
    "node_modules/date-fns": {
      "version": "3.6.0",
      "resolved": "https://registry.npmjs.org/date-fns/-/date-fns-3.6.0.tgz",
      "integrity": "sha512-f+1ptBw/tUfCSPS3728wz3w6zJw+2o5s6dePjBqD1Gv3fWjLzP2Uv5tQG5+s85fs/K9Pz5naoY4I5A3w==",
      "funding": {
        "type": "github",
        "url": "https://github.com/sponsors/kossnocorp"
      }
    },
    "node_modules/delayed-stream": {
      "version": "1.0.0",
      "resolved": "https://registry.npmjs.org/delayed-stream/-/delayed-stream-1.0.0.tgz",
      "integrity": "sha512-ZySD7Nf91aLB0RxL4KBTkBncoVMSXcNu5o2 cervix/c++1kvMeTTJd1jJIaFfUklsfLFSoGr5T9q/AUnB3DQ2wA==",
      "engines": {
        "node": ">=0.4.0"
      }
    },
    "node_modules/dotenv": {
      "version": "16.5.0",
      "resolved": "https://registry.npmjs.org/dotenv/-/dotenv-16.5.0.tgz",
      "integrity": "sha512-rS1r2+B+Z5lRjPqZ0k/xK+yJGwWjD2+0GjSGC/kS2d2xXj+46bL2zX30M/k5hF8eW0EblthbI+FjFv18w==",
      "engines": {
        "node": ">=12"
      },
      "funding": {
        "url": "https://github.com/motdotla/dotenv?sponsor=1"
      }
    },
    "node_modules/embla-carousel-react": {
      "version": "8.6.0",
      "resolved": "https://registry.npmjs.org/embla-carousel-react/-/embla-carousel-react-8.6.0.tgz",
      "integrity": "sha512-1a2b3c4d5e6f7g8h9i0j1k2l3m4n5o6p7q8r9s0t1u2v3w4x5y6z7a8b9c0d1e2f3g4h5i6j7k8l9m0n=="
    },
    "node_modules/fast-deep-equal": {
      "version": "3.1.3",
      "resolved": "https://registry.npmjs.org/fast-deep-equal/-/fast-deep-equal-3.1.3.tgz",
      "integrity": "sha512-f3qQ9oQy9j2AhBe/H93/I+cE+NTq0DpGjyCsBikgp5pfk8cN+BB2A43jt/z6sp2lPah05UTFRbV19G3JsxV/Gg=="
    },
    "node_modules/firebase": {
      "version": "10.12.3",
      "resolved": "https://registry.npmjs.org/firebase/-/firebase-10.12.3.tgz",
      "integrity": "sha512-yA/1h4D1M9V1/kL9fcrRHSg32cM2lVhtdMGF5bABs6OqL4s/7D/m4d0tT4o7/UfQ6sA/bT5vS0vY2xP0n5j2sQ==",
      "dependencies": {
        "@firebase/app": "0.10.6",
        "@firebase/app-check": "0.7.3",
        "@firebase/auth": "1.7.3",
        "@firebase/component": "0.6.9",
        "@firebase/database": "1.0.12",
        "@firebase/firestore": "4.6.4",
        "@firebase/functions": "0.10.4",
        "@firebase/installations": "0.7.3",
        "@firebase/messaging": "0.13.3",
        "@firebase/performance": "0.7.3",
        "@firebase/remote-config": "0.5.3",
        "@firebase/storage": "0.13.3",
        "@firebase/util": "1.10.1",
        "tslib": "^2.1.0"
      },
      "engines": {
        "node": ">=16.0.0"
      }
    },
    "node_modules/follow-redirects": {
      "version": "1.15.6",
      "resolved": "https://registry.npmjs.org/follow-redirects/-/follow-redirects-1.15.6.tgz",
      "integrity": "sha512-w9GI2+6kIcUO2t1eFE9zI+hVj7I+v13S1Lso6d79s4XhFEN3VmaXvIe9y+g6lsr3PYG1YMV2d/p1B2bM4x/fIA==",
      "funding": [
        {
          "type": "individual",
          "url": "https://github.com/sponsors/RubenVerborgh"
        }
      ],
      "engines": {
        "node": ">=4.0"
      },
      "peerDependenciesMeta": {
        "debug": {
          "optional": true
        }
      }
    },
    "node_modules/form-data": {
      "version": "4.0.0",
      "resolved": "https://registry.npmjs.org/form-data/-/form-data-4.0.0.tgz",
      "integrity": "sha512-ETEbY+zSfcvSvNYvcDTCaFd0frpiGAB4j7K1h4X4lPP01qgykXMegGTLI2APG0agdhEgm+EPV246Q+aHYneHDg==",
      "dependencies": {
        "asynckit": "^0.4.0",
        "combined-stream": "^1.0.8",
        "mime-types": "^2.1.12"
      },
      "engines": {
        "node": ">= 6"
      }
    },
    "node_modules/genkit": {
      "version": "1.14.1",
      "resolved": "https://registry.npmjs.org/genkit/-/genkit-1.14.1.tgz",
      "integrity": "sha512-1a2b3c4d5e6f7g8h9i0j1k2l3m4n5o6p7q8r9s0t1u2v3w4x5y6z7a8b9c0d1e2f3g4h5i6j7k8l9m0n==",
      "dependencies": {
        "axios": "^1.6.8",
        "tslib": "^2.6.2"
      },
      "peerDependencies": {
        "zod": "^3.23.0"
      }
    },
    "node_modules/genkit-cli": {
      "version": "1.14.1",
      "resolved": "https://registry.npmjs.org/genkit-cli/-/genkit-cli-1.14.1.tgz",
      "integrity": "sha512-a1b2c3d4e5f6g7h8i9j0k1l2m3n4o5p6q7r8s9t0u1v2w3x4y5z6a7b8c9d0e1f2g3h4i5j6k7l8m9n0o==",
      "dev": true,
      "peerDependencies": {
        "genkit": "1.14.1",
        "tsx": "^4.7.1"
      }
    },
    "node_modules/html2canvas": {
      "version": "1.4.1",
      "resolved": "https://registry.npmjs.org/html2canvas/-/html2canvas-1.4.1.tgz",
      "integrity": "sha512-1a2b3c4d5e6f7g8h9i0j1k2l3m4n5o6p7q8r9s0t1u2v3w4x5y6z7a8b9c0d1e2f3g4h5i6j7k8l9m0n==",
      "engines": {
        "node": ">=10.0.0"
      }
    },
    "node_modules/jspdf": {
      "version": "2.5.1",
      "resolved": "https://registry.npmjs.org/jspdf/-/jspdf-2.5.1.tgz",
      "integrity": "sha512-a1b2c3d4e5f6g7h8i9j0k1l2m3n4o5p6q7r8s9t0u1v2w3x4y5z6a7b8c9d0e1f2g3h4i5j6k7l8m9n0o==",
      "dependencies": {
        "@babel/runtime": "^7.20.13",
        "canvg": "3.0.10",
        "dompurify": "2.4.3",
        "es-module-shims": "1.6.3",
        "fflate": "0.7.3",
        "html2canvas": "1.4.1"
      },
      "funding": {
        "type": "opencollective",
        "url": "https://opencollective.com/jspdf"
      }
    },
    "node_modules/jspdf/node_modules/html2canvas": {
      "version": "1.4.1",
      "resolved": "https://registry.npmjs.org/html2canvas/-/html2canvas-1.4.1.tgz",
      "integrity": "sha512-o/e7gOi6i8ox23r64O2QE4M11vJfcVq33LgC+gR27nchgkI2P8INLREXRe1wzBfCg55q2OLLDlfvEk2B+G4E1A==",
      "engines": {
        "node": ">=10.0.0"
      }
    },
    "node_modules/long": {
      "version": "5.2.3",
      "resolved": "https://registry.npmjs.org/long/-/long-5.2.3.tgz",
      "integrity": "sha512-a1b2c3d4e5f6g7h8i9j0k1l2m3n4o5p6q7r8s9t0u1v2w3x4y5z6a7b8c9d0e1f2g3h4i5j6k7l8m9n0o=="
    },
    "node_modules/loose-envify": {
      "version": "1.4.0",
      "resolved": "https://registry.npmjs.org/loose-envify/-/loose-envify-1.4.0.tgz",
      "integrity": "sha512-lyuxPGr/Wfhrlem2CL/UcnUc1zcqKA3a2eYUrN7k5lUblIHjTs9r6ODkw45F56gEY2YfiyeAvu3vSpo8LevR4w==",
      "hasInstallScript": true,
      "dependencies": {
        "js-tokens": "^3.0.0 || ^4.0.0"
      },
      "bin": {
        "loose-envify": "cli.js"
      }
    },
    "node_modules/lucide-react": {
      "version": "0.475.0",
      "resolved": "https://registry.npmjs.org/lucide-react/-/lucide-react-0.475.0.tgz",
      "integrity": "sha512-1a2b3c4d5e6f7g8h9i0j1k2l3m4n5o6p7q8r9s0t1u2v3w4x5y6z7a8b9c0d1e2f3g4h5i6j7k8l9m0n==",
      "dependencies": {
        "@emotion/is-prop-valid": "1.2.2"
      },
      "peerDependencies": {
        "react": ">=16.8"
      }
    },
    "node_modules/mime-db": {
      "version": "1.52.0",
      "resolved": "https://registry.npmjs.org/mime-db/-/mime-db-1.52.0.tgz",
      "integrity": "sha512-sPU4uV7dYlAPg6LuA3u2dNbkmveKXdCrCafEsppdLDyqpRTG4vRC+rsgistxvemZtMAKiY5G2KWGudiFWloCiA==",
      "engines": {
        "node": ">= 0.6"
      }
    },
    "node_modules/mime-types": {
      "version": "2.1.35",
      "resolved": "https://registry.npmjs.org/mime-types/-/mime-types-2.1.35.tgz",
      "integrity": "sha512-ZDY+bA+>[...]